
Microsoft Visual Studio Solution File, Format Version 12.00
# Visual Studio Version 17
VisualStudioVersion = 17.0.31903.59
MinimumVisualStudioVersion = 10.0.40219.1
Project("{2150E333-8FDC-42A3-9474-1A3956D46DE8}") = "src", "src", "{827E0CD3-B72D-47B6-A68D-7590B98EB39B}"
EndProject
Project("{FAE04EC0-301F-11D3-BF4B-00C04F79EFBC}") = "JevWf.Workflows", "src\JevWf.Workflows\JevWf.Workflows.csproj", "{B9CDB710-AB5A-4896-8C51-9AFCF1B25D41}"
EndProject
Project("{FAE04EC0-301F-11D3-BF4B-00C04F79EFBC}") = "JevWf.Cli", "src\JevWf.Cli\JevWf.Cli.csproj", "{3E561EC5-716A-426A-953B-EA50C838B701}"
EndProject
Project("{FAE04EC0-301F-11D3-BF4B-00C04F79EFBC}") = "JevWf.Workflows.Tests", "tests\JevWf.Workflows.Tests\JevWf.Workflows.Tests.csproj", "{45B7B7C3-274E-48A9-9440-9EF0C3E8AA40}"
EndProject
Global
	GlobalSection(SolutionConfigurationPlatforms) = preSolution
		Debug|Any CPU = Debug|Any CPU
		Debug|x64 = Debug|x64
		Debug|x86 = Debug|x86
		Release|Any CPU = Release|Any CPU
		Release|x64 = Release|x64
		Release|x86 = Release|x86
	EndGlobalSection
	GlobalSection(ProjectConfigurationPlatforms) = postSolution
		{B9CDB710-AB5A-4896-8C51-9AFCF1B25D41}.Debug|Any CPU.ActiveCfg = Debug|Any CPU
		{B9CDB710-AB5A-4896-8C51-9AFCF1B25D41}.Debug|Any CPU.Build.0 = Debug|Any CPU
		{B9CDB710-AB5A-4896-8C51-9AFCF1B25D41}.Debug|x64.ActiveCfg = Debug|Any CPU
		{B9CDB710-AB5A-4896-8C51-9AFCF1B25D41}.Debug|x64.Build.0 = Debug|Any CPU
		{B9CDB710-AB5A-4896-8C51-9AFCF1B25D41}.Debug|x86.ActiveCfg = Debug|Any CPU
		{B9CDB710-AB5A-4896-8C51-9AFCF1B25D41}.Debug|x86.Build.0 = Debug|Any CPU
		{B9CDB710-AB5A-4896-8C51-9AFCF1B25D41}.Release|Any CPU.ActiveCfg = Release|Any CPU
		{B9CDB710-AB5A-4896-8C51-9AFCF1B25D41}.Release|Any CPU.Build.0 = Release|Any CPU
		{B9CDB710-AB5A-4896-8C51-9AFCF1B25D41}.Release|x64.ActiveCfg = Release|Any CPU
		{B9CDB710-AB5A-4896-8C51-9AFCF1B25D41}.Release|x64.Build.0 = Release|Any CPU
		{B9CDB710-AB5A-4896-8C51-9AFCF1B25D41}.Release|x86.ActiveCfg = Release|Any CPU
		{B9CDB710-AB5A-4896-8C51-9AFCF1B25D41}.Release|x86.Build.0 = Release|Any CPU
		{3E561EC5-716A-426A-953B-EA50C838B701}.Debug|Any CPU.ActiveCfg = Debug|Any CPU
		{3E561EC5-716A-426A-953B-EA50C838B701}.Debug|Any CPU.Build.0 = Debug|Any CPU
		{3E561EC5-716A-426A-953B-EA50C838B701}.Debug|x64.ActiveCfg = Debug|Any CPU
		{3E561EC5-716A-426A-953B-EA50C838B701}.Debug|x64.Build.0 = Debug|Any CPU
		{3E561EC5-716A-426A-953B-EA50C838B701}.Debug|x86.ActiveCfg = Debug|Any CPU
		{3E561EC5-716A-426A-953B-EA50C838B701}.Debug|x86.Build.0 = Debug|Any CPU
		{3E561EC5-716A-426A-953B-EA50C838B701}.Release|Any CPU.ActiveCfg = Release|Any CPU
		{3E561EC5-716A-426A-953B-EA50C838B701}.Release|Any CPU.Build.0 = Release|Any CPU
		{3E561EC5-716A-426A-953B-EA50C838B701}.Release|x64.ActiveCfg = Release|Any CPU
		{3E561EC5-716A-426A-953B-EA50C838B701}.Release|x64.Build.0 = Release|Any CPU
		{3E561EC5-716A-426A-953B-EA50C838B701}.Release|x86.ActiveCfg = Release|Any CPU
		{3E561EC5-716A-426A-953B-EA50C838B701}.Release|x86.Build.0 = Release|Any CPU
		{45B7B7C3-274E-48A9-9440-9EF0C3E8AA40}.Debug|Any CPU.ActiveCfg = Debug|Any CPU
		{45B7B7C3-274E-48A9-9440-9EF0C3E8AA40}.Debug|Any CPU.Build.0 = Debug|Any CPU
		{45B7B7C3-274E-48A9-9440-9EF0C3E8AA40}.Debug|x64.ActiveCfg = Debug|Any CPU
		{45B7B7C3-274E-48A9-9440-9EF0C3E8AA40}.Debug|x64.Build.0 = Debug|Any CPU
		{45B7B7C3-274E-48A9-9440-9EF0C3E8AA40}.Debug|x86.ActiveCfg = Debug|Any CPU
		{45B7B7C3-274E-48A9-9440-9EF0C3E8AA40}.Debug|x86.Build.0 = Debug|Any CPU
		{45B7B7C3-274E-48A9-9440-9EF0C3E8AA40}.Release|Any CPU.ActiveCfg = Release|Any CPU
		{45B7B7C3-274E-48A9-9440-9EF0C3E8AA40}.Release|Any CPU.Build.0 = Release|Any CPU
		{45B7B7C3-274E-48A9-9440-9EF0C3E8AA40}.Release|x64.ActiveCfg = Release|Any CPU
		{45B7B7C3-274E-48A9-9440-9EF0C3E8AA40}.Release|x64.Build.0 = Release|Any CPU
		{45B7B7C3-274E-48A9-9440-9EF0C3E8AA40}.Release|x86.ActiveCfg = Release|Any CPU
		{45B7B7C3-274E-48A9-9440-9EF0C3E8AA40}.Release|x86.Build.0 = Release|Any CPU
	EndGlobalSection
	GlobalSection(SolutionProperties) = preSolution
		HideSolutionNode = FALSE
	EndGlobalSection
	GlobalSection(NestedProjects) = preSolution
		{B9CDB710-AB5A-4896-8C51-9AFCF1B25D41} = {827E0CD3-B72D-47B6-A68D-7590B98EB39B}
		{3E561EC5-716A-426A-953B-EA50C838B701} = {827E0CD3-B72D-47B6-A68D-7590B98EB39B}
		{45B7B7C3-274E-48A9-9440-9EF0C3E8AA40} = {827E0CD3-B72D-47B6-A68D-7590B98EB39B}
	EndGlobalSection
EndGlobal
